
Microsoft Visual Studio Solution File, Format Version 12.00
# Visual Studio Version 17
VisualStudioVersion = 17.14.36811.4 d17.14
MinimumVisualStudioVersion = 10.0.40219.1
Project("{888888A0-9F3D-457C-B088-3A5042F75D52}") = "PythonApplication2", "PythonApplication2\PythonApplication2.pyproj", "{040F734E-8DDE-4B7E-B1B3-313D3D50822F}"
EndProject
Global
	GlobalSection(SolutionConfigurationPlatforms) = preSolution
		Debug|Any CPU = Debug|Any CPU
		Release|Any CPU = Release|Any CPU
	EndGlobalSection
	GlobalSection(ProjectConfigurationPlatforms) = postSolution
		{040F734E-8DDE-4B7E-B1B3-313D3D50822F}.Debug|Any CPU.ActiveCfg = Debug|Any CPU
		{040F734E-8DDE-4B7E-B1B3-313D3D50822F}.Release|Any CPU.ActiveCfg = Release|Any CPU
	EndGlobalSection
	GlobalSection(SolutionProperties) = preSolution
		HideSolutionNode = FALSE
	EndGlobalSection
	GlobalSection(ExtensibilityGlobals) = postSolution
		SolutionGuid = {222D2178-C0DA-4AD8-BD35-48B948610286}
	EndGlobalSection
EndGlobal
